
Microsoft Visual Studio Solution File, Format Version 12.00
# Visual Studio Version 16
VisualStudioVersion = 16.0.29201.188
MinimumVisualStudioVersion = 10.0.40219.1
Project("{FAE04EC0-301F-11D3-BF4B-00C04F79EFBC}") = "Builder", "Builder\Builder.csproj", "{C9700CA1-A77D-4542-8BED-DD42157B6FE6}"
EndProject
Global
	GlobalSection(SolutionConfigurationPlatforms) = preSolution
		Debug|Any CPU = Debug|Any CPU
		Release|Any CPU = Release|Any CPU
	EndGlobalSection
	GlobalSection(ProjectConfigurationPlatforms) = postSolution
		{C9700CA1-A77D-4542-8BED-DD42157B6FE6}.Debug|Any CPU.ActiveCfg = Debug|Any CPU
		{C9700CA1-A77D-4542-8BED-DD42157B6FE6}.Debug|Any CPU.Build.0 = Debug|Any CPU
		{C9700CA1-A77D-4542-8BED-DD42157B6FE6}.Release|Any CPU.ActiveCfg = Release|Any CPU
		{C9700CA1-A77D-4542-8BED-DD42157B6FE6}.Release|Any CPU.Build.0 = Release|Any CPU
	EndGlobalSection
	GlobalSection(SolutionProperties) = preSolution
		HideSolutionNode = FALSE
	EndGlobalSection
	GlobalSection(ExtensibilityGlobals) = postSolution
		SolutionGuid = {94FB3164-0007-4EF5-A46A-E03C70411471}
	EndGlobalSection
EndGlobal
